<Solution>
  <Configurations>
    <Platform Name="Any CPU" />
    <Platform Name="x64" />
    <Platform Name="x86" />
  </Configurations>
  <Folder Name="/src/">
    <Project Path="src/DevantlerTech.FluxCLI/DevantlerTech.FluxCLI.csproj" />
  </Folder>
  <Folder Name="/tests/">
    <Project Path="tests/DevantlerTech.FluxCLI.Tests/DevantlerTech.FluxCLI.Tests.csproj" />
  </Folder>
</Solution>